
Microsoft Visual Studio Solution File, Format Version 12.00
# Visual Studio Version 17
VisualStudioVersion = 17.5.2.0
MinimumVisualStudioVersion = 10.0.40219.1
Project("{2150E333-8FDC-42A3-9474-1A3956D46DE8}") = "src", "src", "{827E0CD3-B72D-47B6-A68D-7590B98EB39B}"
EndProject
Project("{FAE04EC0-301F-11D3-BF4B-00C04F79EFBC}") = "LightSaver", "src\LightSaver\LightSaver.csproj", "{A4AB7CD1-43F0-4387-B4F6-37D002F8E905}"
EndProject
Project("{2150E333-8FDC-42A3-9474-1A3956D46DE8}") = "tests", "tests", "{0AB3BF05-4346-4AA6-1389-037BE0695223}"
EndProject
Project("{FAE04EC0-301F-11D3-BF4B-00C04F79EFBC}") = "LightSaver.Tests", "tests\LightSaver.Tests.csproj", "{C15CEE42-2E00-41C5-9534-3AC0D5CB4AA2}"
EndProject
Global
	GlobalSection(SolutionConfigurationPlatforms) = preSolution
		Debug|Any CPU = Debug|Any CPU
		Debug|x64 = Debug|x64
		Debug|x86 = Debug|x86
		Release|Any CPU = Release|Any CPU
		Release|x64 = Release|x64
		Release|x86 = Release|x86
	EndGlobalSection
	GlobalSection(ProjectConfigurationPlatforms) = postSolution
		{A4AB7CD1-43F0-4387-B4F6-37D002F8E905}.Debug|Any CPU.ActiveCfg = Debug|Any CPU
		{A4AB7CD1-43F0-4387-B4F6-37D002F8E905}.Debug|Any CPU.Build.0 = Debug|Any CPU
		{A4AB7CD1-43F0-4387-B4F6-37D002F8E905}.Debug|x64.ActiveCfg = Debug|Any CPU
		{A4AB7CD1-43F0-4387-B4F6-37D002F8E905}.Debug|x64.Build.0 = Debug|Any CPU
		{A4AB7CD1-43F0-4387-B4F6-37D002F8E905}.Debug|x86.ActiveCfg = Debug|Any CPU
		{A4AB7CD1-43F0-4387-B4F6-37D002F8E905}.Debug|x86.Build.0 = Debug|Any CPU
		{A4AB7CD1-43F0-4387-B4F6-37D002F8E905}.Release|Any CPU.ActiveCfg = Release|Any CPU
		{A4AB7CD1-43F0-4387-B4F6-37D002F8E905}.Release|Any CPU.Build.0 = Release|Any CPU
		{A4AB7CD1-43F0-4387-B4F6-37D002F8E905}.Release|x64.ActiveCfg = Release|Any CPU
		{A4AB7CD1-43F0-4387-B4F6-37D002F8E905}.Release|x64.Build.0 = Release|Any CPU
		{A4AB7CD1-43F0-4387-B4F6-37D002F8E905}.Release|x86.ActiveCfg = Release|Any CPU
		{A4AB7CD1-43F0-4387-B4F6-37D002F8E905}.Release|x86.Build.0 = Release|Any CPU
		{C15CEE42-2E00-41C5-9534-3AC0D5CB4AA2}.Debug|Any CPU.ActiveCfg = Debug|Any CPU
		{C15CEE42-2E00-41C5-9534-3AC0D5CB4AA2}.Debug|Any CPU.Build.0 = Debug|Any CPU
		{C15CEE42-2E00-41C5-9534-3AC0D5CB4AA2}.Debug|x64.ActiveCfg = Debug|Any CPU
		{C15CEE42-2E00-41C5-9534-3AC0D5CB4AA2}.Debug|x64.Build.0 = Debug|Any CPU
		{C15CEE42-2E00-41C5-9534-3AC0D5CB4AA2}.Debug|x86.ActiveCfg = Debug|Any CPU
		{C15CEE42-2E00-41C5-9534-3AC0D5CB4AA2}.Debug|x86.Build.0 = Debug|Any CPU
		{C15CEE42-2E00-41C5-9534-3AC0D5CB4AA2}.Release|Any CPU.ActiveCfg = Release|Any CPU
		{C15CEE42-2E00-41C5-9534-3AC0D5CB4AA2}.Release|Any CPU.Build.0 = Release|Any CPU
		{C15CEE42-2E00-41C5-9534-3AC0D5CB4AA2}.Release|x64.ActiveCfg = Release|Any CPU
		{C15CEE42-2E00-41C5-9534-3AC0D5CB4AA2}.Release|x64.Build.0 = Release|Any CPU
		{C15CEE42-2E00-41C5-9534-3AC0D5CB4AA2}.Release|x86.ActiveCfg = Release|Any CPU
		{C15CEE42-2E00-41C5-9534-3AC0D5CB4AA2}.Release|x86.Build.0 = Release|Any CPU
	EndGlobalSection
	GlobalSection(SolutionProperties) = preSolution
		HideSolutionNode = FALSE
	EndGlobalSection
	GlobalSection(NestedProjects) = preSolution
		{A4AB7CD1-43F0-4387-B4F6-37D002F8E905} = {827E0CD3-B72D-47B6-A68D-7590B98EB39B}
		{C15CEE42-2E00-41C5-9534-3AC0D5CB4AA2} = {0AB3BF05-4346-4AA6-1389-037BE0695223}
	EndGlobalSection
	GlobalSection(ExtensibilityGlobals) = postSolution
		SolutionGuid = {6A2F11E7-B8DF-4923-B90F-5A026A2AA20A}
	EndGlobalSection
EndGlobal
